schema: '2.0'
stages:
  data_ingestion:
    cmd: python src/data/data_ingestion.py
    deps:
    - path: src/data/data_ingestion.py
      hash: md5
      md5: caaf549d488798bd2084e75336efb97f
      size: 4219
    params:
      params.yaml:
        data_ingestion.test_size: 0.25
    outs:
    - path: data/raw
      hash: md5
      md5: 661f9e98e322fdbd4e565be133b8a748.dir
      size: 6882906
      nfiles: 2
  data_preprocessing:
    cmd: python src/data/data_preprocessing.py
    deps:
    - path: data/raw/test.csv
      hash: md5
      md5: 7bcce30bf2a1cb8266436615cd99626e
      size: 1671731
    - path: data/raw/train.csv
      hash: md5
      md5: 9b68c84a82a9223b7605d7b5b5393ca4
      size: 5211175
    - path: src/data/data_preprocessing.py
      hash: md5
      md5: 0caf3d4322a07e68476124fa3cd75e24
      size: 3747
    outs:
    - path: data/interim
      hash: md5
      md5: 28d0f447f3462af1a0629108397c4907.dir
      size: 5095933
      nfiles: 2
  model_building:
    cmd: python src/model/model_building.py
    deps:
    - path: data/interim/train_processed.csv
      hash: md5
      md5: a5fc267eaac735187fc4699767d0d70e
      size: 3857115
    - path: src/model/model_building.py
      hash: md5
      md5: 9a4cc00245a10b734ccedce855755f8c
      size: 5504
    params:
      params.yaml:
        model_building.learning_rate: 0.08
        model_building.max_depth: 20
        model_building.max_features: 10000
        model_building.n_estimators: 367
        model_building.ngram_range:
        - 1
        - 3
    outs:
    - path: lgbm_model.pkl
      hash: md5
      md5: bb8a3cc31f13d7c8671b7d33248c0afc
      size: 4105386
    - path: tfidf_vectorizer.pkl
      hash: md5
      md5: 450dcb19a2f3deb87228ebb4e961932f
      size: 384019
  model_evaluation:
    cmd: python src/model/model_evaluation.py
    deps:
    - path: data/interim/test_processed.csv
      hash: md5
      md5: 0d11eaf10993b74e4b6c14f3a463f61d
      size: 1238818
    - path: data/interim/train_processed.csv
      hash: md5
      md5: a5fc267eaac735187fc4699767d0d70e
      size: 3857115
    - path: lgbm_model.pkl
      hash: md5
      md5: bb8a3cc31f13d7c8671b7d33248c0afc
      size: 4105386
    - path: src/model/model_evaluation.py
      hash: md5
      md5: dc21d68d8a0b9762e0913f76b8284e56
      size: 7792
    - path: tfidf_vectorizer.pkl
      hash: md5
      md5: 450dcb19a2f3deb87228ebb4e961932f
      size: 384019
    outs:
    - path: experiment_info.json
      hash: md5
      md5: fad50ea1583d28eeead2ad475b625ff7
      size: 84
  model_registration:
    cmd: python src/model/register_model.py
    deps:
    - path: experiment_info.json
      hash: md5
      md5: fad50ea1583d28eeead2ad475b625ff7
      size: 84
    - path: src/model/register_model.py
      hash: md5
      md5: 3491a6c69179ed5a56c76a29c4dd9e7f
      size: 2350
